
Microsoft Visual Studio Solution File, Format Version 12.00
# Visual Studio Version 16
VisualStudioVersion = 16.0.31624.102
MinimumVisualStudioVersion = 10.0.40219.1
Project("{FAE04EC0-301F-11D3-BF4B-00C04F79EFBC}") = "PDFDemo.UWP", "PDFDemo\PDFDemo.UWP\PDFDemo.UWP.csproj", "{ACC2551F-44D1-4607-807F-3C4DB605B7C3}"
EndProject
Project("{FAE04EC0-301F-11D3-BF4B-00C04F79EFBC}") = "PDFDemo.Android", "PDFDemo\PDFDemo.Android\PDFDemo.Android.csproj", "{EC195E1C-59E3-4BE7-86A2-427F3CA18669}"
EndProject
Project("{FAE04EC0-301F-11D3-BF4B-00C04F79EFBC}") = "PDFDemo.iOS", "PDFDemo\PDFDemo.iOS\PDFDemo.iOS.csproj", "{B422A306-EB3C-477B-A9BD-4863A74FD7AC}"
EndProject
Project("{FAE04EC0-301F-11D3-BF4B-00C04F79EFBC}") = "PDFDemo", "PDFDemo\PDFDemo\PDFDemo.csproj", "{7466F983-BEFD-40FA-9815-3AD0E4198C7B}"
EndProject
Global
	GlobalSection(SolutionConfigurationPlatforms) = preSolution
		Debug|Any CPU = Debug|Any CPU
		Debug|ARM = Debug|ARM
		Debug|iPhone = Debug|iPhone
		Debug|iPhoneSimulator = Debug|iPhoneSimulator
		Debug|x64 = Debug|x64
		Debug|x86 = Debug|x86
		Release|Any CPU = Release|Any CPU
		Release|ARM = Release|ARM
		Release|iPhone = Release|iPhone
		Release|iPhoneSimulator = Release|iPhoneSimulator
		Release|x64 = Release|x64
		Release|x86 = Release|x86
	EndGlobalSection
	GlobalSection(ProjectConfigurationPlatforms) = postSolution
		{ACC2551F-44D1-4607-807F-3C4DB605B7C3}.Debug|Any CPU.ActiveCfg = Debug|x86
		{ACC2551F-44D1-4607-807F-3C4DB605B7C3}.Debug|Any CPU.Build.0 = Debug|x86
		{ACC2551F-44D1-4607-807F-3C4DB605B7C3}.Debug|Any CPU.Deploy.0 = Debug|x86
		{ACC2551F-44D1-4607-807F-3C4DB605B7C3}.Debug|ARM.ActiveCfg = Debug|ARM
		{ACC2551F-44D1-4607-807F-3C4DB605B7C3}.Debug|ARM.Build.0 = Debug|ARM
		{ACC2551F-44D1-4607-807F-3C4DB605B7C3}.Debug|ARM.Deploy.0 = Debug|ARM
		{ACC2551F-44D1-4607-807F-3C4DB605B7C3}.Debug|iPhone.ActiveCfg = Debug|x86
		{ACC2551F-44D1-4607-807F-3C4DB605B7C3}.Debug|iPhone.Build.0 = Debug|x86
		{ACC2551F-44D1-4607-807F-3C4DB605B7C3}.Debug|iPhone.Deploy.0 = Debug|x86
		{ACC2551F-44D1-4607-807F-3C4DB605B7C3}.Debug|iPhoneSimulator.ActiveCfg = Debug|x86
		{ACC2551F-44D1-4607-807F-3C4DB605B7C3}.Debug|iPhoneSimulator.Build.0 = Debug|x86
		{ACC2551F-44D1-4607-807F-3C4DB605B7C3}.Debug|iPhoneSimulator.Deploy.0 = Debug|x86
		{ACC2551F-44D1-4607-807F-3C4DB605B7C3}.Debug|x64.ActiveCfg = Debug|x64
		{ACC2551F-44D1-4607-807F-3C4DB605B7C3}.Debug|x64.Build.0 = Debug|x64
		{ACC2551F-44D1-4607-807F-3C4DB605B7C3}.Debug|x64.Deploy.0 = Debug|x64
		{ACC2551F-44D1-4607-807F-3C4DB605B7C3}.Debug|x86.ActiveCfg = Debug|x86
		{ACC2551F-44D1-4607-807F-3C4DB605B7C3}.Debug|x86.Build.0 = Debug|x86
		{ACC2551F-44D1-4607-807F-3C4DB605B7C3}.Debug|x86.Deploy.0 = Debug|x86
		{ACC2551F-44D1-4607-807F-3C4DB605B7C3}.Release|Any CPU.ActiveCfg = Release|x86
		{ACC2551F-44D1-4607-807F-3C4DB605B7C3}.Release|Any CPU.Build.0 = Release|x86
		{ACC2551F-44D1-4607-807F-3C4DB605B7C3}.Release|Any CPU.Deploy.0 = Release|x86
		{ACC2551F-44D1-4607-807F-3C4DB605B7C3}.Release|ARM.ActiveCfg = Release|ARM
		{ACC2551F-44D1-4607-807F-3C4DB605B7C3}.Release|ARM.Build.0 = Release|ARM
		{ACC2551F-44D1-4607-807F-3C4DB605B7C3}.Release|ARM.Deploy.0 = Release|ARM
		{ACC2551F-44D1-4607-807F-3C4DB605B7C3}.Release|iPhone.ActiveCfg = Release|x86
		{ACC2551F-44D1-4607-807F-3C4DB605B7C3}.Release|iPhone.Build.0 = Release|x86
		{ACC2551F-44D1-4607-807F-3C4DB605B7C3}.Release|iPhone.Deploy.0 = Release|x86
		{ACC2551F-44D1-4607-807F-3C4DB605B7C3}.Release|iPhoneSimulator.ActiveCfg = Release|x86
		{ACC2551F-44D1-4607-807F-3C4DB605B7C3}.Release|iPhoneSimulator.Build.0 = Release|x86
		{ACC2551F-44D1-4607-807F-3C4DB605B7C3}.Release|iPhoneSimulator.Deploy.0 = Release|x86
		{ACC2551F-44D1-4607-807F-3C4DB605B7C3}.Release|x64.ActiveCfg = Release|x64
		{ACC2551F-44D1-4607-807F-3C4DB605B7C3}.Release|x64.Build.0 = Release|x64
		{ACC2551F-44D1-4607-807F-3C4DB605B7C3}.Release|x64.Deploy.0 = Release|x64
		{ACC2551F-44D1-4607-807F-3C4DB605B7C3}.Release|x86.ActiveCfg = Release|x86
		{ACC2551F-44D1-4607-807F-3C4DB605B7C3}.Release|x86.Build.0 = Release|x86
		{ACC2551F-44D1-4607-807F-3C4DB605B7C3}.Release|x86.Deploy.0 = Release|x86
		{EC195E1C-59E3-4BE7-86A2-427F3CA18669}.Debug|Any CPU.ActiveCfg = Debug|Any CPU
		{EC195E1C-59E3-4BE7-86A2-427F3CA18669}.Debug|Any CPU.Build.0 = Debug|Any CPU
		{EC195E1C-59E3-4BE7-86A2-427F3CA18669}.Debug|Any CPU.Deploy.0 = Debug|Any CPU
		{EC195E1C-59E3-4BE7-86A2-427F3CA18669}.Debug|ARM.ActiveCfg = Debug|Any CPU
		{EC195E1C-59E3-4BE7-86A2-427F3CA18669}.Debug|ARM.Build.0 = Debug|Any CPU
		{EC195E1C-59E3-4BE7-86A2-427F3CA18669}.Debug|ARM.Deploy.0 = Debug|Any CPU
		{EC195E1C-59E3-4BE7-86A2-427F3CA18669}.Debug|iPhone.ActiveCfg = Debug|Any CPU
		{EC195E1C-59E3-4BE7-86A2-427F3CA18669}.Debug|iPhone.Build.0 = Debug|Any CPU
		{EC195E1C-59E3-4BE7-86A2-427F3CA18669}.Debug|iPhone.Deploy.0 = Debug|Any CPU
		{EC195E1C-59E3-4BE7-86A2-427F3CA18669}.Debug|iPhoneSimulator.ActiveCfg = Debug|Any CPU
		{EC195E1C-59E3-4BE7-86A2-427F3CA18669}.Debug|iPhoneSimulator.Build.0 = Debug|Any CPU
		{EC195E1C-59E3-4BE7-86A2-427F3CA18669}.Debug|iPhoneSimulator.Deploy.0 = Debug|Any CPU
		{EC195E1C-59E3-4BE7-86A2-427F3CA18669}.Debug|x64.ActiveCfg = Debug|Any CPU
		{EC195E1C-59E3-4BE7-86A2-427F3CA18669}.Debug|x64.Build.0 = Debug|Any CPU
		{EC195E1C-59E3-4BE7-86A2-427F3CA18669}.Debug|x64.Deploy.0 = Debug|Any CPU
		{EC195E1C-59E3-4BE7-86A2-427F3CA18669}.Debug|x86.ActiveCfg = Debug|Any CPU
		{EC195E1C-59E3-4BE7-86A2-427F3CA18669}.Debug|x86.Build.0 = Debug|Any CPU
		{EC195E1C-59E3-4BE7-86A2-427F3CA18669}.Debug|x86.Deploy.0 = Debug|Any CPU
		{EC195E1C-59E3-4BE7-86A2-427F3CA18669}.Release|Any CPU.ActiveCfg = Release|Any CPU
		{EC195E1C-59E3-4BE7-86A2-427F3CA18669}.Release|Any CPU.Build.0 = Release|Any CPU
		{EC195E1C-59E3-4BE7-86A2-427F3CA18669}.Release|Any CPU.Deploy.0 = Release|Any CPU
		{EC195E1C-59E3-4BE7-86A2-427F3CA18669}.Release|ARM.ActiveCfg = Release|Any CPU
		{EC195E1C-59E3-4BE7-86A2-427F3CA18669}.Release|ARM.Build.0 = Release|Any CPU
		{EC195E1C-59E3-4BE7-86A2-427F3CA18669}.Release|ARM.Deploy.0 = Release|Any CPU
		{EC195E1C-59E3-4BE7-86A2-427F3CA18669}.Release|iPhone.ActiveCfg = Release|Any CPU
		{EC195E1C-59E3-4BE7-86A2-427F3CA18669}.Release|iPhone.Build.0 = Release|Any CPU
		{EC195E1C-59E3-4BE7-86A2-427F3CA18669}.Release|iPhone.Deploy.0 = Release|Any CPU
		{EC195E1C-59E3-4BE7-86A2-427F3CA18669}.Release|iPhoneSimulator.ActiveCfg = Release|Any CPU
		{EC195E1C-59E3-4BE7-86A2-427F3CA18669}.Release|iPhoneSimulator.Build.0 = Release|Any CPU
		{EC195E1C-59E3-4BE7-86A2-427F3CA18669}.Release|iPhoneSimulator.Deploy.0 = Release|Any CPU
		{EC195E1C-59E3-4BE7-86A2-427F3CA18669}.Release|x64.ActiveCfg = Release|Any CPU
		{EC195E1C-59E3-4BE7-86A2-427F3CA18669}.Release|x64.Build.0 = Release|Any CPU
		{EC195E1C-59E3-4BE7-86A2-427F3CA18669}.Release|x64.Deploy.0 = Release|Any CPU
		{EC195E1C-59E3-4BE7-86A2-427F3CA18669}.Release|x86.ActiveCfg = Release|Any CPU
		{EC195E1C-59E3-4BE7-86A2-427F3CA18669}.Release|x86.Build.0 = Release|Any CPU
		{EC195E1C-59E3-4BE7-86A2-427F3CA18669}.Release|x86.Deploy.0 = Release|Any CPU
		{B422A306-EB3C-477B-A9BD-4863A74FD7AC}.Debug|Any CPU.ActiveCfg = Debug|iPhoneSimulator
		{B422A306-EB3C-477B-A9BD-4863A74FD7AC}.Debug|Any CPU.Build.0 = Debug|iPhoneSimulator
		{B422A306-EB3C-477B-A9BD-4863A74FD7AC}.Debug|Any CPU.Deploy.0 = Debug|iPhoneSimulator
		{B422A306-EB3C-477B-A9BD-4863A74FD7AC}.Debug|ARM.ActiveCfg = Debug|iPhone
		{B422A306-EB3C-477B-A9BD-4863A74FD7AC}.Debug|ARM.Build.0 = Debug|iPhone
		{B422A306-EB3C-477B-A9BD-4863A74FD7AC}.Debug|ARM.Deploy.0 = Debug|iPhone
		{B422A306-EB3C-477B-A9BD-4863A74FD7AC}.Debug|iPhone.ActiveCfg = Debug|iPhone
		{B422A306-EB3C-477B-A9BD-4863A74FD7AC}.Debug|iPhone.Build.0 = Debug|iPhone
		{B422A306-EB3C-477B-A9BD-4863A74FD7AC}.Debug|iPhone.Deploy.0 = Debug|iPhone
		{B422A306-EB3C-477B-A9BD-4863A74FD7AC}.Debug|iPhoneSimulator.ActiveCfg = Debug|iPhoneSimulator
		{B422A306-EB3C-477B-A9BD-4863A74FD7AC}.Debug|iPhoneSimulator.Build.0 = Debug|iPhoneSimulator
		{B422A306-EB3C-477B-A9BD-4863A74FD7AC}.Debug|iPhoneSimulator.Deploy.0 = Debug|iPhoneSimulator
		{B422A306-EB3C-477B-A9BD-4863A74FD7AC}.Debug|x64.ActiveCfg = Debug|iPhoneSimulator
		{B422A306-EB3C-477B-A9BD-4863A74FD7AC}.Debug|x64.Build.0 = Debug|iPhoneSimulator
		{B422A306-EB3C-477B-A9BD-4863A74FD7AC}.Debug|x64.Deploy.0 = Debug|iPhoneSimulator
		{B422A306-EB3C-477B-A9BD-4863A74FD7AC}.Debug|x86.ActiveCfg = Debug|iPhoneSimulator
		{B422A306-EB3C-477B-A9BD-4863A74FD7AC}.Debug|x86.Build.0 = Debug|iPhoneSimulator
		{B422A306-EB3C-477B-A9BD-4863A74FD7AC}.Debug|x86.Deploy.0 = Debug|iPhoneSimulator
		{B422A306-EB3C-477B-A9BD-4863A74FD7AC}.Release|Any CPU.ActiveCfg = Release|iPhoneSimulator
		{B422A306-EB3C-477B-A9BD-4863A74FD7AC}.Release|Any CPU.Build.0 = Release|iPhoneSimulator
		{B422A306-EB3C-477B-A9BD-4863A74FD7AC}.Release|Any CPU.Deploy.0 = Release|iPhoneSimulator
		{B422A306-EB3C-477B-A9BD-4863A74FD7AC}.Release|ARM.ActiveCfg = Release|iPhoneSimulator
		{B422A306-EB3C-477B-A9BD-4863A74FD7AC}.Release|ARM.Build.0 = Release|iPhoneSimulator
		{B422A306-EB3C-477B-A9BD-4863A74FD7AC}.Release|ARM.Deploy.0 = Release|iPhoneSimulator
		{B422A306-EB3C-477B-A9BD-4863A74FD7AC}.Release|iPhone.ActiveCfg = Release|iPhone
		{B422A306-EB3C-477B-A9BD-4863A74FD7AC}.Release|iPhone.Build.0 = Release|iPhone
		{B422A306-EB3C-477B-A9BD-4863A74FD7AC}.Release|iPhone.Deploy.0 = Release|iPhone
		{B422A306-EB3C-477B-A9BD-4863A74FD7AC}.Release|iPhoneSimulator.ActiveCfg = Release|iPhoneSimulator
		{B422A306-EB3C-477B-A9BD-4863A74FD7AC}.Release|iPhoneSimulator.Build.0 = Release|iPhoneSimulator
		{B422A306-EB3C-477B-A9BD-4863A74FD7AC}.Release|iPhoneSimulator.Deploy.0 = Release|iPhoneSimulator
		{B422A306-EB3C-477B-A9BD-4863A74FD7AC}.Release|x64.ActiveCfg = Release|iPhoneSimulator
		{B422A306-EB3C-477B-A9BD-4863A74FD7AC}.Release|x64.Build.0 = Release|iPhoneSimulator
		{B422A306-EB3C-477B-A9BD-4863A74FD7AC}.Release|x64.Deploy.0 = Release|iPhoneSimulator
		{B422A306-EB3C-477B-A9BD-4863A74FD7AC}.Release|x86.ActiveCfg = Release|iPhoneSimulator
		{B422A306-EB3C-477B-A9BD-4863A74FD7AC}.Release|x86.Build.0 = Release|iPhoneSimulator
		{B422A306-EB3C-477B-A9BD-4863A74FD7AC}.Release|x86.Deploy.0 = Release|iPhoneSimulator
		{7466F983-BEFD-40FA-9815-3AD0E4198C7B}.Debug|Any CPU.ActiveCfg = Debug|Any CPU
		{7466F983-BEFD-40FA-9815-3AD0E4198C7B}.Debug|Any CPU.Build.0 = Debug|Any CPU
		{7466F983-BEFD-40FA-9815-3AD0E4198C7B}.Debug|Any CPU.Deploy.0 = Debug|Any CPU
		{7466F983-BEFD-40FA-9815-3AD0E4198C7B}.Debug|ARM.ActiveCfg = Debug|Any CPU
		{7466F983-BEFD-40FA-9815-3AD0E4198C7B}.Debug|ARM.Build.0 = Debug|Any CPU
		{7466F983-BEFD-40FA-9815-3AD0E4198C7B}.Debug|ARM.Deploy.0 = Debug|Any CPU
		{7466F983-BEFD-40FA-9815-3AD0E4198C7B}.Debug|iPhone.ActiveCfg = Debug|Any CPU
		{7466F983-BEFD-40FA-9815-3AD0E4198C7B}.Debug|iPhone.Build.0 = Debug|Any CPU
		{7466F983-BEFD-40FA-9815-3AD0E4198C7B}.Debug|iPhone.Deploy.0 = Debug|Any CPU
		{7466F983-BEFD-40FA-9815-3AD0E4198C7B}.Debug|iPhoneSimulator.ActiveCfg = Debug|Any CPU
		{7466F983-BEFD-40FA-9815-3AD0E4198C7B}.Debug|iPhoneSimulator.Build.0 = Debug|Any CPU
		{7466F983-BEFD-40FA-9815-3AD0E4198C7B}.Debug|iPhoneSimulator.Deploy.0 = Debug|Any CPU
		{7466F983-BEFD-40FA-9815-3AD0E4198C7B}.Debug|x64.ActiveCfg = Debug|Any CPU
		{7466F983-BEFD-40FA-9815-3AD0E4198C7B}.Debug|x64.Build.0 = Debug|Any CPU
		{7466F983-BEFD-40FA-9815-3AD0E4198C7B}.Debug|x64.Deploy.0 = Debug|Any CPU
		{7466F983-BEFD-40FA-9815-3AD0E4198C7B}.Debug|x86.ActiveCfg = Debug|Any CPU
		{7466F983-BEFD-40FA-9815-3AD0E4198C7B}.Debug|x86.Build.0 = Debug|Any CPU
		{7466F983-BEFD-40FA-9815-3AD0E4198C7B}.Debug|x86.Deploy.0 = Debug|Any CPU
		{7466F983-BEFD-40FA-9815-3AD0E4198C7B}.Release|Any CPU.ActiveCfg = Release|Any CPU
		{7466F983-BEFD-40FA-9815-3AD0E4198C7B}.Release|Any CPU.Build.0 = Release|Any CPU
		{7466F983-BEFD-40FA-9815-3AD0E4198C7B}.Release|Any CPU.Deploy.0 = Release|Any CPU
		{7466F983-BEFD-40FA-9815-3AD0E4198C7B}.Release|ARM.ActiveCfg = Release|Any CPU
		{7466F983-BEFD-40FA-9815-3AD0E4198C7B}.Release|ARM.Build.0 = Release|Any CPU
		{7466F983-BEFD-40FA-9815-3AD0E4198C7B}.Release|ARM.Deploy.0 = Release|Any CPU
		{7466F983-BEFD-40FA-9815-3AD0E4198C7B}.Release|iPhone.ActiveCfg = Release|Any CPU
		{7466F983-BEFD-40FA-9815-3AD0E4198C7B}.Release|iPhone.Build.0 = Release|Any CPU
		{7466F983-BEFD-40FA-9815-3AD0E4198C7B}.Release|iPhone.Deploy.0 = Release|Any CPU
		{7466F983-BEFD-40FA-9815-3AD0E4198C7B}.Release|iPhoneSimulator.ActiveCfg = Release|Any CPU
		{7466F983-BEFD-40FA-9815-3AD0E4198C7B}.Release|iPhoneSimulator.Build.0 = Release|Any CPU
		{7466F983-BEFD-40FA-9815-3AD0E4198C7B}.Release|iPhoneSimulator.Deploy.0 = Release|Any CPU
		{7466F983-BEFD-40FA-9815-3AD0E4198C7B}.Release|x64.ActiveCfg = Release|Any CPU
		{7466F983-BEFD-40FA-9815-3AD0E4198C7B}.Release|x64.Build.0 = Release|Any CPU
		{7466F983-BEFD-40FA-9815-3AD0E4198C7B}.Release|x64.Deploy.0 = Release|Any CPU
		{7466F983-BEFD-40FA-9815-3AD0E4198C7B}.Release|x86.ActiveCfg = Release|Any CPU
		{7466F983-BEFD-40FA-9815-3AD0E4198C7B}.Release|x86.Build.0 = Release|Any CPU
		{7466F983-BEFD-40FA-9815-3AD0E4198C7B}.Release|x86.Deploy.0 = Release|Any CPU
	EndGlobalSection
	GlobalSection(SolutionProperties) = preSolution
		HideSolutionNode = FALSE
	EndGlobalSection
	GlobalSection(ExtensibilityGlobals) = postSolution
		SolutionGuid = {78403896-8BE9-46D6-801C-2A15161D79F6}
	EndGlobalSection
EndGlobal
